// !$*UTF8*$!
{
	archiveVersion = 1;
	classes = {
	};
	objectVersion = 56;
	objects = {

/* Begin PBXBuildFile section */
		BD5C26B82C46C96A00C66E40 /* WorkWaveApp.swift in Sources */ = {isa = PBXBuildFile; fileRef = BD5C26B72C46C96A00C66E40 /* WorkWaveApp.swift */; };
		BD5C26BA2C46C96A00C66E40 /* ContentView.swift in Sources */ = {isa = PBXBuildFile; fileRef = BD5C26B92C46C96A00C66E40 /* ContentView.swift */; };
		BD5C26BC2C46C96C00C66E40 /* Assets.xcassets in Resources */ = {isa = PBXBuildFile; fileRef = BD5C26BB2C46C96C00C66E40 /* Assets.xcassets */; };
		BD5C26BF2C46C96C00C66E40 /* Preview Assets.xcassets in Resources */ = {isa = PBXBuildFile; fileRef = BD5C26BE2C46C96C00C66E40 /* Preview Assets.xcassets */; };
		BDEAE0642C46D8F200FBB8FF /* Navigation.swift in Sources */ = {isa = PBXBuildFile; fileRef = BDEAE0632C46D8F200FBB8FF /* Navigation.swift */; };
		BDEAE0682C46DAA900FBB8FF /* Calendar.swift in Sources */ = {isa = PBXBuildFile; fileRef = BDEAE0672C46DAA900FBB8FF /* Calendar.swift */; };
		BDEAE06A2C46DAFC00FBB8FF /* Pomodoro.swift in Sources */ = {isa = PBXBuildFile; fileRef = BDEAE0692C46DAFC00FBB8FF /* Pomodoro.swift */; };
		BDEAE06E2C46DB8000FBB8FF /* Burnout.swift in Sources */ = {isa = PBXBuildFile; fileRef = BDEAE06D2C46DB8000FBB8FF /* Burnout.swift */; };
		BDEAE0702C46DC7600FBB8FF /* Productivity.swift in Sources */ = {isa = PBXBuildFile; fileRef = BDEAE06F2C46DC7600FBB8FF /* Productivity.swift */; };
		BDEAE0722C46DD3100FBB8FF /* StudyTips.swift in Sources */ = {isa = PBXBuildFile; fileRef = BDEAE0712C46DD3100FBB8FF /* StudyTips.swift */; };
		BDEAE0762C48045F00FBB8FF /* MapPage.swift in Sources */ = {isa = PBXBuildFile; fileRef = BDEAE0752C48045F00FBB8FF /* MapPage.swift */; };
/* End PBXBuildFile section */

/* Begin PBXFileReference section */
		BD5C26B42C46C96A00C66E40 /* WorkWave.app */ = {isa = PBXFileReference; explicitFileType = wrapper.application; includeInIndex = 0; path = WorkWave.app; sourceTree = BUILT_PRODUCTS_DIR; };
		BD5C26B72C46C96A00C66E40 /* WorkWaveApp.swift */ = {isa = PBXFileReference; lastKnownFileType = sourcecode.swift; path = WorkWaveApp.swift; sourceTree = "<group>"; };
		BD5C26B92C46C96A00C66E40 /* ContentView.swift */ = {isa = PBXFileReference; lastKnownFileType = sourcecode.swift; path = ContentView.swift; sourceTree = "<group>"; };
		BD5C26BB2C46C96C00C66E40 /* Assets.xcassets */ = {isa = PBXFileReference; lastKnownFileType = folder.assetcatalog; path = Assets.xcassets; sourceTree = "<group>"; };
		BD5C26BE2C46C96C00C66E40 /* Preview Assets.xcassets */ = {isa = PBXFileReference; lastKnownFileType = folder.assetcatalog; path = "Preview Assets.xcassets"; sourceTree = "<group>"; };
		BDEAE0632C46D8F200FBB8FF /* Navigation.swift */ = {isa = PBXFileReference; lastKnownFileType = sourcecode.swift; path = Navigation.swift; sourceTree = "<group>"; };
		BDEAE0672C46DAA900FBB8FF /* Calendar.swift */ = {isa = PBXFileReference; lastKnownFileType = sourcecode.swift; path = Calendar.swift; sourceTree = "<group>"; };
		BDEAE0692C46DAFC00FBB8FF /* Pomodoro.swift */ = {isa = PBXFileReference; lastKnownFileType = sourcecode.swift; path = Pomodoro.swift; sourceTree = "<group>"; };
		BDEAE06D2C46DB8000FBB8FF /* Burnout.swift */ = {isa = PBXFileReference; lastKnownFileType = sourcecode.swift; path = Burnout.swift; sourceTree = "<group>"; };
		BDEAE06F2C46DC7600FBB8FF /* Productivity.swift */ = {isa = PBXFileReference; lastKnownFileType = sourcecode.swift; path = Productivity.swift; sourceTree = "<group>"; };
		BDEAE0712C46DD3100FBB8FF /* StudyTips.swift */ = {isa = PBXFileReference; lastKnownFileType = sourcecode.swift; path = StudyTips.swift; sourceTree = "<group>"; };
		BDEAE0752C48045F00FBB8FF /* MapPage.swift */ = {isa = PBXFileReference; lastKnownFileType = sourcecode.swift; path = MapPage.swift; sourceTree = "<group>"; };
/* End PBXFileReference section */

/* Begin PBXFrameworksBuildPhase section */
		BD5C26B12C46C96A00C66E40 /* Frameworks */ = {
			isa = PBXFrameworksBuildPhase;
			buildActionMask = 2147483647;
			files = (
			);
			runOnlyForDeploymentPostprocessing = 0;
		};
/* End PBXFrameworksBuildPhase section */

/* Begin PBXGroup section */
		BD5C26AB2C46C96A00C66E40 = {
			isa = PBXGroup;
			children = (
				BD5C26B62C46C96A00C66E40 /* WorkWave */,
				BD5C26B52C46C96A00C66E40 /* Products */,
			);
			sourceTree = "<group>";
		};
		BD5C26B52C46C96A00C66E40 /* Products */ = {
			isa = PBXGroup;
			children = (
				BD5C26B42C46C96A00C66E40 /* WorkWave.app */,
			);
			name = Products;
			sourceTree = "<group>";
		};
		BD5C26B62C46C96A00C66E40 /* WorkWave */ = {
			isa = PBXGroup;
			children = (
				BD5C26B72C46C96A00C66E40 /* WorkWaveApp.swift */,
				BD5C26B92C46C96A00C66E40 /* ContentView.swift */,
				BDEAE0632C46D8F200FBB8FF /* Navigation.swift */,
				BDEAE0672C46DAA900FBB8FF /* Calendar.swift */,
				BDEAE0692C46DAFC00FBB8FF /* Pomodoro.swift */,
				BDEAE06D2C46DB8000FBB8FF /* Burnout.swift */,
				BDEAE06F2C46DC7600FBB8FF /* Productivity.swift */,
				BDEAE0712C46DD3100FBB8FF /* StudyTips.swift */,
				BDEAE0752C48045F00FBB8FF /* MapPage.swift */,
				BD5C26BB2C46C96C00C66E40 /* Assets.xcassets */,
				BD5C26BD2C46C96C00C66E40 /* Preview Content */,
			);
			path = WorkWave;
			sourceTree = "<group>";
		};
		BD5C26BD2C46C96C00C66E40 /* Preview Content */ = {
			isa = PBXGroup;
			children = (
				BD5C26BE2C46C96C00C66E40 /* Preview Assets.xcassets */,
			);
			path = "Preview Content";
			sourceTree = "<group>";
		};
/* End PBXGroup section */

/* Begin PBXNativeTarget section */
		BD5C26B32C46C96A00C66E40 /* WorkWave */ = {
			isa = PBXNativeTarget;
			buildConfigurationList = BD5C26C22C46C96C00C66E40 /* Build configuration list for PBXNativeTarget "WorkWave" */;
			buildPhases = (
				BD5C26B02C46C96A00C66E40 /* Sources */,
				BD5C26B12C46C96A00C66E40 /* Frameworks */,
				BD5C26B22C46C96A00C66E40 /* Resources */,
			);
			buildRules = (
			);
			dependencies = (
			);
			name = WorkWave;
			productName = WorkWave;
			productReference = BD5C26B42C46C96A00C66E40 /* WorkWave.app */;
			productType = "com.apple.product-type.application";
		};
/* End PBXNativeTarget section */

/* Begin PBXProject section */
		BD5C26AC2C46C96A00C66E40 /* Project object */ = {
			isa = PBXProject;
			attributes = {
				BuildIndependentTargetsInParallel = 1;
				LastSwiftUpdateCheck = 1540;
				LastUpgradeCheck = 1540;
				TargetAttributes = {
					BD5C26B32C46C96A00C66E40 = {
						CreatedOnToolsVersion = 15.4;
					};
				};
			};
			buildConfigurationList = BD5C26AF2C46C96A00C66E40 /* Build configuration list for PBXProject "WorkWave" */;
			compatibilityVersion = "Xcode 14.0";
			developmentRegion = en;
			hasScannedForEncodings = 0;
			knownRegions = (
				en,
				Base,
			);
			mainGroup = BD5C26AB2C46C96A00C66E40;
			productRefGroup = BD5C26B52C46C96A00C66E40 /* Products */;
			projectDirPath = "";
			projectRoot = "";
			targets = (
				BD5C26B32C46C96A00C66E40 /* WorkWave */,
			);
		};
/* End PBXProject section */

/* Begin PBXResourcesBuildPhase section */
		BD5C26B22C46C96A00C66E40 /* Resources */ = {
			isa = PBXResourcesBuildPhase;
			buildActionMask = 2147483647;
			files = (
				BD5C26BF2C46C96C00C66E40 /* Preview Assets.xcassets in Resources */,
				BD5C26BC2C46C96C00C66E40 /* Assets.xcassets in Resources */,
			);
			runOnlyForDeploymentPostprocessing = 0;
		};
/* End PBXResourcesBuildPhase section */

/* Begin PBXSourcesBuildPhase section */
		BD5C26B02C46C96A00C66E40 /* Sources */ = {
			isa = PBXSourcesBuildPhase;
			buildActionMask = 2147483647;
			files = (
				BDEAE0642C46D8F200FBB8FF /* Navigation.swift in Sources */,
				BD5C26BA2C46C96A00C66E40 /* ContentView.swift in Sources */,
				BDEAE0762C48045F00FBB8FF /* MapPage.swift in Sources */,
				BDEAE0722C46DD3100FBB8FF /* StudyTips.swift in Sources */,
				BDEAE0702C46DC7600FBB8FF /* Productivity.swift in Sources */,
				BDEAE06E2C46DB8000FBB8FF /* Burnout.swift in Sources */,
				BD5C26B82C46C96A00C66E40 /* WorkWaveApp.swift in Sources */,
				BDEAE06A2C46DAFC00FBB8FF /* Pomodoro.swift in Sources */,
				BDEAE0682C46DAA900FBB8FF /* Calendar.swift in Sources */,
			);
			runOnlyForDeploymentPostprocessing = 0;
		};
/* End PBXSourcesBuildPhase section */

/* Begin XCBuildConfiguration section */
		BD5C26C02C46C96C00C66E40 /* Debug */ = {
			isa = XCBuildConfiguration;
			buildSettings = {
				ALWAYS_SEARCH_USER_PATHS = NO;
				ASSETCATALOG_COMPILER_GENERATE_SWIFT_ASSET_SYMBOL_EXTENSIONS = YES;
				CLANG_ANALYZER_NONNULL = YES;
				CLANG_ANALYZER_NUMBER_OBJECT_CONVERSION = YES_AGGRESSIVE;
				CLANG_CXX_LANGUAGE_STANDARD = "gnu++20";
				CLANG_ENABLE_MODULES = YES;
				CLANG_ENABLE_OBJC_ARC = YES;
				CLANG_ENABLE_OBJC_WEAK = YES;
				CLANG_WARN_BLOCK_CAPTURE_AUTORELEASING = YES;
				CLANG_WARN_BOOL_CONVERSION = YES;
				CLANG_WARN_COMMA = YES;
				CLANG_WARN_CONSTANT_CONVERSION = YES;
				CLANG_WARN_DEPRECATED_OBJC_IMPLEMENTATIONS = YES;
				CLANG_WARN_DIRECT_OBJC_ISA_USAGE = YES_ERROR;
				CLANG_WARN_DOCUMENTATION_COMMENTS = YES;
				CLANG_WARN_EMPTY_BODY = YES;
				CLANG_WARN_ENUM_CONVERSION = YES;
				CLANG_WARN_INFINITE_RECURSION = YES;
				CLANG_WARN_INT_CONVERSION = YES;
				CLANG_WARN_NON_LITERAL_NULL_CONVERSION = YES;
				CLANG_WARN_OBJC_IMPLICIT_RETAIN_SELF = YES;
				CLANG_WARN_OBJC_LITERAL_CONVERSION = YES;
				CLANG_WARN_OBJC_ROOT_CLASS = YES_ERROR;
				CLANG_WARN_QUOTED_INCLUDE_IN_FRAMEWORK_HEADER = YES;
				CLANG_WARN_RANGE_LOOP_ANALYSIS = YES;
				CLANG_WARN_STRICT_PROTOTYPES = YES;
				CLANG_WARN_SUSPICIOUS_MOVE = YES;
				CLANG_WARN_UNGUARDED_AVAILABILITY = YES_AGGRESSIVE;
				CLANG_WARN_UNREACHABLE_CODE = YES;
				CLANG_WARN__DUPLICATE_METHOD_MATCH = YES;
				COPY_PHASE_STRIP = NO;
				DEBUG_INFORMATION_FORMAT = dwarf;
				ENABLE_STRICT_OBJC_MSGSEND = YES;
				ENABLE_TESTABILITY = YES;
				ENABLE_USER_SCRIPT_SANDBOXING = YES;
				GCC_C_LANGUAGE_STANDARD = gnu17;
				GCC_DYNAMIC_NO_PIC = NO;
				GCC_NO_COMMON_BLOCKS = YES;
				GCC_OPTIMIZATION_LEVEL = 0;
				GCC_PREPROCESSOR_DEFINITIONS = (
					"DEBUG=1",
					"$(inherited)",
				);
				GCC_WARN_64_TO_32_BIT_CONVERSION = YES;
				GCC_WARN_ABOUT_RETURN_TYPE = YES_ERROR;
				GCC_WARN_UNDECLARED_SELECTOR = YES;
				GCC_WARN_UNINITIALIZED_AUTOS = YES_AGGRESSIVE;
				GCC_WARN_UNUSED_FUNCTION = YES;
				GCC_WARN_UNUSED_VARIABLE = YES;
				IPHONEOS_DEPLOYMENT_TARGET = 17.5;
				LOCALIZATION_PREFERS_STRING_CATALOGS = YES;
				MTL_ENABLE_DEBUG_INFO = INCLUDE_SOURCE;
				MTL_FAST_MATH = YES;
				ONLY_ACTIVE_ARCH = YES;
				SDKROOT = iphoneos;
				SWIFT_ACTIVE_COMPILATION_CONDITIONS = "DEBUG $(inherited)";
				SWIFT_OPTIMIZATION_LEVEL = "-Onone";
			};
			name = Debug;
		};
		BD5C26C12C46C96C00C66E40 /* Release */ = {
			isa = XCBuildConfiguration;
			buildSettings = {
				ALWAYS_SEARCH_USER_PATHS = NO;
				ASSETCATALOG_COMPILER_GENERATE_SWIFT_ASSET_SYMBOL_EXTENSIONS = YES;
				CLANG_ANALYZER_NONNULL = YES;
				CLANG_ANALYZER_NUMBER_OBJECT_CONVERSION = YES_AGGRESSIVE;
				CLANG_CXX_LANGUAGE_STANDARD = "gnu++20";
				CLANG_ENABLE_MODULES = YES;
				CLANG_ENABLE_OBJC_ARC = YES;
				CLANG_ENABLE_OBJC_WEAK = YES;
				CLANG_WARN_BLOCK_CAPTURE_AUTORELEASING = YES;
				CLANG_WARN_BOOL_CONVERSION = YES;
				CLANG_WARN_COMMA = YES;
				CLANG_WARN_CONSTANT_CONVERSION = YES;
				CLANG_WARN_DEPRECATED_OBJC_IMPLEMENTATIONS = YES;
				CLANG_WARN_DIRECT_OBJC_ISA_USAGE = YES_ERROR;
				CLANG_WARN_DOCUMENTATION_COMMENTS = YES;
				CLANG_WARN_EMPTY_BODY = YES;
				CLANG_WARN_ENUM_CONVERSION = YES;
				CLANG_WARN_INFINITE_RECURSION = YES;
				CLANG_WARN_INT_CONVERSION = YES;
				CLANG_WARN_NON_LITERAL_NULL_CONVERSION = YES;
				CLANG_WARN_OBJC_IMPLICIT_RETAIN_SELF = YES;
				CLANG_WARN_OBJC_LITERAL_CONVERSION = YES;
				CLANG_WARN_OBJC_ROOT_CLASS = YES_ERROR;
				CLANG_WARN_QUOTED_INCLUDE_IN_FRAMEWORK_HEADER = YES;
				CLANG_WARN_RANGE_LOOP_ANALYSIS = YES;
				CLANG_WARN_STRICT_PROTOTYPES = YES;
				CLANG_WARN_SUSPICIOUS_MOVE = YES;
				CLANG_WARN_UNGUARDED_AVAILABILITY = YES_AGGRESSIVE;
				CLANG_WARN_UNREACHABLE_CODE = YES;
				CLANG_WARN__DUPLICATE_METHOD_MATCH = YES;
				COPY_PHASE_STRIP = NO;
				DEBUG_INFORMATION_FORMAT = "dwarf-with-dsym";
				ENABLE_NS_ASSERTIONS = NO;
				ENABLE_STRICT_OBJC_MSGSEND = YES;
				ENABLE_USER_SCRIPT_SANDBOXING = YES;
				GCC_C_LANGUAGE_STANDARD = gnu17;
				GCC_NO_COMMON_BLOCKS = YES;
				GCC_WARN_64_TO_32_BIT_CONVERSION = YES;
				GCC_WARN_ABOUT_RETURN_TYPE = YES_ERROR;
				GCC_WARN_UNDECLARED_SELECTOR = YES;
				GCC_WARN_UNINITIALIZED_AUTOS = YES_AGGRESSIVE;
				GCC_WARN_UNUSED_FUNCTION = YES;
				GCC_WARN_UNUSED_VARIABLE = YES;
				IPHONEOS_DEPLOYMENT_TARGET = 17.5;
				LOCALIZATION_PREFERS_STRING_CATALOGS = YES;
				MTL_ENABLE_DEBUG_INFO = NO;
				MTL_FAST_MATH = YES;
				SDKROOT = iphoneos;
				SWIFT_COMPILATION_MODE = wholemodule;
				VALIDATE_PRODUCT = YES;
			};
			name = Release;
		};
		BD5C26C32C46C96C00C66E40 /* Debug */ = {
			isa = XCBuildConfiguration;
			buildSettings = {
				ASSETCATALOG_COMPILER_APPICON_NAME = AppIcon;
				ASSETCATALOG_COMPILER_GLOBAL_ACCENT_COLOR_NAME = AccentColor;
				CODE_SIGN_STYLE = Automatic;
				CURRENT_PROJECT_VERSION = 1;
				DEVELOPMENT_ASSET_PATHS = "\"WorkWave/Preview Content\"";
				ENABLE_PREVIEWS = YES;
				GENERATE_INFOPLIST_FILE = YES;
				INFOPLIST_KEY_UIApplicationSceneManifest_Generation = YES;
				INFOPLIST_KEY_UIApplicationSupportsIndirectInputEvents = YES;
				INFOPLIST_KEY_UILaunchScreen_Generation = YES;
				INFOPLIST_KEY_UISupportedInterfaceOrientations_iPad = "UIInterfaceOrientationPortrait UIInterfaceOrientationPortraitUpsideDown UIInterfaceOrientationLandscapeLeft UIInterfaceOrientationLandscapeRight";
				INFOPLIST_KEY_UISupportedInterfaceOrientations_iPhone = "UIInterfaceOrientationPortrait UIInterfaceOrientationLandscapeLeft UIInterfaceOrientationLandscapeRight";
				LD_RUNPATH_SEARCH_PATHS = (
					"$(inherited)",
					"@executable_path/Frameworks",
				);
				MARKETING_VERSION = 1.0;
				PRODUCT_BUNDLE_IDENTIFIER = KWK.WorkWave;
				PRODUCT_NAME = "$(TARGET_NAME)";
				SWIFT_EMIT_LOC_STRINGS = YES;
				SWIFT_VERSION = 5.0;
				TARGETED_DEVICE_FAMILY = "1,2";
			};
			name = Debug;
		};
		BD5C26C42C46C96C00C66E40 /* Release */ = {
			isa = XCBuildConfiguration;
			buildSettings = {
				ASSETCATALOG_COMPILER_APPICON_NAME = AppIcon;
				ASSETCATALOG_COMPILER_GLOBAL_ACCENT_COLOR_NAME = AccentColor;
				CODE_SIGN_STYLE = Automatic;
				CURRENT_PROJECT_VERSION = 1;
				DEVELOPMENT_ASSET_PATHS = "\"WorkWave/Preview Content\"";
				ENABLE_PREVIEWS = YES;
				GENERATE_INFOPLIST_FILE = YES;
				INFOPLIST_KEY_UIApplicationSceneManifest_Generation = YES;
				INFOPLIST_KEY_UIApplicationSupportsIndirectInputEvents = YES;
				INFOPLIST_KEY_UILaunchScreen_Generation = YES;
				INFOPLIST_KEY_UISupportedInterfaceOrientations_iPad = "UIInterfaceOrientationPortrait UIInterfaceOrientationPortraitUpsideDown UIInterfaceOrientationLandscapeLeft UIInterfaceOrientationLandscapeRight";
				INFOPLIST_KEY_UISupportedInterfaceOrientations_iPhone = "UIInterfaceOrientationPortrait UIInterfaceOrientationLandscapeLeft UIInterfaceOrientationLandscapeRight";
				LD_RUNPATH_SEARCH_PATHS = (
					"$(inherited)",
					"@executable_path/Frameworks",
				);
				MARKETING_VERSION = 1.0;
				PRODUCT_BUNDLE_IDENTIFIER = KWK.WorkWave;
				PRODUCT_NAME = "$(TARGET_NAME)";
				SWIFT_EMIT_LOC_STRINGS = YES;
				SWIFT_VERSION = 5.0;
				TARGETED_DEVICE_FAMILY = "1,2";
			};
			name = Release;
		};
/* End XCBuildConfiguration section */

/* Begin XCConfigurationList section */
		BD5C26AF2C46C96A00C66E40 /* Build configuration list for PBXProject "WorkWave" */ = {
			isa = XCConfigurationList;
			buildConfigurations = (
				BD5C26C02C46C96C00C66E40 /* Debug */,
				BD5C26C12C46C96C00C66E40 /* Release */,
			);
			defaultConfigurationIsVisible = 0;
			defaultConfigurationName = Release;
		};
		BD5C26C22C46C96C00C66E40 /* Build configuration list for PBXNativeTarget "WorkWave" */ = {
			isa = XCConfigurationList;
			buildConfigurations = (
				BD5C26C32C46C96C00C66E40 /* Debug */,
				BD5C26C42C46C96C00C66E40 /* Release */,
			);
			defaultConfigurationIsVisible = 0;
			defaultConfigurationName = Release;
		};
/* End XCConfigurationList section */
	};
	rootObject = BD5C26AC2C46C96A00C66E40 /* Project object */;
}
